
Microsoft Visual Studio Solution File, Format Version 12.00
# Visual Studio Version 16
VisualStudioVersion = 16.0.30204.135
MinimumVisualStudioVersion = 10.0.40219.1
Project("{FAE04EC0-301F-11D3-BF4B-00C04F79EFBC}") = "ExpressionSample", "ExpressionSample\ExpressionSample.csproj", "{8AF9546E-5DD8-4E8B-94C8-91A11CBA990F}"
EndProject
Project("{FAE04EC0-301F-11D3-BF4B-00C04F79EFBC}") = "ExpressionTest", "ExpressionTest\ExpressionTest.csproj", "{D127C2D0-2A56-4648-B3DA-955D12B78CEF}"
EndProject
Global
	GlobalSection(SolutionConfigurationPlatforms) = preSolution
		Debug|Any CPU = Debug|Any CPU
		Release|Any CPU = Release|Any CPU
	EndGlobalSection
	GlobalSection(ProjectConfigurationPlatforms) = postSolution
		{8AF9546E-5DD8-4E8B-94C8-91A11CBA990F}.Debug|Any CPU.ActiveCfg = Debug|Any CPU
		{8AF9546E-5DD8-4E8B-94C8-91A11CBA990F}.Debug|Any CPU.Build.0 = Debug|Any CPU
		{8AF9546E-5DD8-4E8B-94C8-91A11CBA990F}.Release|Any CPU.ActiveCfg = Release|Any CPU
		{8AF9546E-5DD8-4E8B-94C8-91A11CBA990F}.Release|Any CPU.Build.0 = Release|Any CPU
		{D127C2D0-2A56-4648-B3DA-955D12B78CEF}.Debug|Any CPU.ActiveCfg = Debug|Any CPU
		{D127C2D0-2A56-4648-B3DA-955D12B78CEF}.Debug|Any CPU.Build.0 = Debug|Any CPU
		{D127C2D0-2A56-4648-B3DA-955D12B78CEF}.Release|Any CPU.ActiveCfg = Release|Any CPU
		{D127C2D0-2A56-4648-B3DA-955D12B78CEF}.Release|Any CPU.Build.0 = Release|Any CPU
	EndGlobalSection
	GlobalSection(SolutionProperties) = preSolution
		HideSolutionNode = FALSE
	EndGlobalSection
	GlobalSection(ExtensibilityGlobals) = postSolution
		SolutionGuid = {A699B635-BD4B-4C60-B29F-AED8B5A494A2}
	EndGlobalSection
EndGlobal
